
Microsoft Visual Studio Solution File, Format Version 12.00
# Visual Studio 15
VisualStudioVersion = 15.0.28307.136
MinimumVisualStudioVersion = 10.0.40219.1
Project("{9092AA53-FB77-4645-B42D-1CCCA6BD08BD}") = "chirp", "chirp\chirp.njsproj", "{296DD7AE-FF16-4DC6-9629-740B9CF900FD}"
EndProject
Global
	GlobalSection(SolutionConfigurationPlatforms) = preSolution
		Debug|Any CPU = Debug|Any CPU
		Release|Any CPU = Release|Any CPU
	EndGlobalSection
	GlobalSection(ProjectConfigurationPlatforms) = postSolution
		{296DD7AE-FF16-4DC6-9629-740B9CF900FD}.Debug|Any CPU.ActiveCfg = Debug|Any CPU
		{296DD7AE-FF16-4DC6-9629-740B9CF900FD}.Debug|Any CPU.Build.0 = Debug|Any CPU
		{296DD7AE-FF16-4DC6-9629-740B9CF900FD}.Release|Any CPU.ActiveCfg = Release|Any CPU
		{296DD7AE-FF16-4DC6-9629-740B9CF900FD}.Release|Any CPU.Build.0 = Release|Any CPU
	EndGlobalSection
	GlobalSection(SolutionProperties) = preSolution
		HideSolutionNode = FALSE
	EndGlobalSection
	GlobalSection(ExtensibilityGlobals) = postSolution
		SolutionGuid = {2DCDABE8-DFD7-488E-8C39-2210CC6D9C2A}
	EndGlobalSection
EndGlobal
