
Microsoft Visual Studio Solution File, Format Version 12.00
# Visual Studio 15
VisualStudioVersion = 15.0.28307.271
MinimumVisualStudioVersion = 10.0.40219.1
Project("{FAE04EC0-301F-11D3-BF4B-00C04F79EFBC}") = "email", "email\email.csproj", "{EF9F9F27-88F4-4540-956E-C13E0239D630}"
EndProject
Global
	GlobalSection(SolutionConfigurationPlatforms) = preSolution
		Debug|Any CPU = Debug|Any CPU
		Release|Any CPU = Release|Any CPU
	EndGlobalSection
	GlobalSection(ProjectConfigurationPlatforms) = postSolution
		{EF9F9F27-88F4-4540-956E-C13E0239D630}.Debug|Any CPU.ActiveCfg = Debug|Any CPU
		{EF9F9F27-88F4-4540-956E-C13E0239D630}.Debug|Any CPU.Build.0 = Debug|Any CPU
		{EF9F9F27-88F4-4540-956E-C13E0239D630}.Release|Any CPU.ActiveCfg = Release|Any CPU
		{EF9F9F27-88F4-4540-956E-C13E0239D630}.Release|Any CPU.Build.0 = Release|Any CPU
	EndGlobalSection
	GlobalSection(SolutionProperties) = preSolution
		HideSolutionNode = FALSE
	EndGlobalSection
	GlobalSection(ExtensibilityGlobals) = postSolution
		SolutionGuid = {D22A75CA-FCE1-42D2-A0E7-02CAB0EA93C8}
	EndGlobalSection
EndGlobal
