
Microsoft Visual Studio Solution File, Format Version 12.00
# Visual Studio 15
VisualStudioVersion = 15.0.28307.136
MinimumVisualStudioVersion = 10.0.40219.1
Project("{FAE04EC0-301F-11D3-BF4B-00C04F79EFBC}") = "DataStructuresandAlgorithms", "DataStructuresandAlgorithms\DataStructuresandAlgorithms.csproj", "{4608F15C-FD98-44C0-8EF5-2F1F8891EB60}"
EndProject
Global
	GlobalSection(SolutionConfigurationPlatforms) = preSolution
		Debug|Any CPU = Debug|Any CPU
		Release|Any CPU = Release|Any CPU
	EndGlobalSection
	GlobalSection(ProjectConfigurationPlatforms) = postSolution
		{4608F15C-FD98-44C0-8EF5-2F1F8891EB60}.Debug|Any CPU.ActiveCfg = Debug|Any CPU
		{4608F15C-FD98-44C0-8EF5-2F1F8891EB60}.Debug|Any CPU.Build.0 = Debug|Any CPU
		{4608F15C-FD98-44C0-8EF5-2F1F8891EB60}.Release|Any CPU.ActiveCfg = Release|Any CPU
		{4608F15C-FD98-44C0-8EF5-2F1F8891EB60}.Release|Any CPU.Build.0 = Release|Any CPU
	EndGlobalSection
	GlobalSection(SolutionProperties) = preSolution
		HideSolutionNode = FALSE
	EndGlobalSection
	GlobalSection(ExtensibilityGlobals) = postSolution
		SolutionGuid = {E9356068-294A-42C2-AB72-8EB41C99E97A}
	EndGlobalSection
EndGlobal
