
Microsoft Visual Studio Solution File, Format Version 12.00
# Visual Studio 15
VisualStudioVersion = 15.0.28307.329
MinimumVisualStudioVersion = 10.0.40219.1
Project("{262852C6-CD72-467D-83FE-5EEB1973A190}") = "BackgroundApplication1", "BackgroundApplication1\BackgroundApplication1.jsproj", "{F9F8ED40-07F2-4097-8ED6-B63AB65D0B61}"
EndProject
Global
	GlobalSection(SolutionConfigurationPlatforms) = preSolution
		Debug|Any CPU = Debug|Any CPU
		Debug|ARM = Debug|ARM
		Debug|x64 = Debug|x64
		Debug|x86 = Debug|x86
		Release|Any CPU = Release|Any CPU
		Release|ARM = Release|ARM
		Release|x64 = Release|x64
		Release|x86 = Release|x86
	EndGlobalSection
	GlobalSection(ProjectConfigurationPlatforms) = postSolution
		{F9F8ED40-07F2-4097-8ED6-B63AB65D0B61}.Debug|Any CPU.ActiveCfg = Debug|Any CPU
		{F9F8ED40-07F2-4097-8ED6-B63AB65D0B61}.Debug|Any CPU.Build.0 = Debug|Any CPU
		{F9F8ED40-07F2-4097-8ED6-B63AB65D0B61}.Debug|Any CPU.Deploy.0 = Debug|Any CPU
		{F9F8ED40-07F2-4097-8ED6-B63AB65D0B61}.Debug|ARM.ActiveCfg = Debug|ARM
		{F9F8ED40-07F2-4097-8ED6-B63AB65D0B61}.Debug|ARM.Build.0 = Debug|ARM
		{F9F8ED40-07F2-4097-8ED6-B63AB65D0B61}.Debug|ARM.Deploy.0 = Debug|ARM
		{F9F8ED40-07F2-4097-8ED6-B63AB65D0B61}.Debug|x64.ActiveCfg = Debug|x64
		{F9F8ED40-07F2-4097-8ED6-B63AB65D0B61}.Debug|x64.Build.0 = Debug|x64
		{F9F8ED40-07F2-4097-8ED6-B63AB65D0B61}.Debug|x64.Deploy.0 = Debug|x64
		{F9F8ED40-07F2-4097-8ED6-B63AB65D0B61}.Debug|x86.ActiveCfg = Debug|x86
		{F9F8ED40-07F2-4097-8ED6-B63AB65D0B61}.Debug|x86.Build.0 = Debug|x86
		{F9F8ED40-07F2-4097-8ED6-B63AB65D0B61}.Debug|x86.Deploy.0 = Debug|x86
		{F9F8ED40-07F2-4097-8ED6-B63AB65D0B61}.Release|Any CPU.ActiveCfg = Release|Any CPU
		{F9F8ED40-07F2-4097-8ED6-B63AB65D0B61}.Release|Any CPU.Build.0 = Release|Any CPU
		{F9F8ED40-07F2-4097-8ED6-B63AB65D0B61}.Release|Any CPU.Deploy.0 = Release|Any CPU
		{F9F8ED40-07F2-4097-8ED6-B63AB65D0B61}.Release|ARM.ActiveCfg = Release|ARM
		{F9F8ED40-07F2-4097-8ED6-B63AB65D0B61}.Release|ARM.Build.0 = Release|ARM
		{F9F8ED40-07F2-4097-8ED6-B63AB65D0B61}.Release|ARM.Deploy.0 = Release|ARM
		{F9F8ED40-07F2-4097-8ED6-B63AB65D0B61}.Release|x64.ActiveCfg = Release|x64
		{F9F8ED40-07F2-4097-8ED6-B63AB65D0B61}.Release|x64.Build.0 = Release|x64
		{F9F8ED40-07F2-4097-8ED6-B63AB65D0B61}.Release|x64.Deploy.0 = Release|x64
		{F9F8ED40-07F2-4097-8ED6-B63AB65D0B61}.Release|x86.ActiveCfg = Release|x86
		{F9F8ED40-07F2-4097-8ED6-B63AB65D0B61}.Release|x86.Build.0 = Release|x86
		{F9F8ED40-07F2-4097-8ED6-B63AB65D0B61}.Release|x86.Deploy.0 = Release|x86
	EndGlobalSection
	GlobalSection(SolutionProperties) = preSolution
		HideSolutionNode = FALSE
	EndGlobalSection
	GlobalSection(ExtensibilityGlobals) = postSolution
		SolutionGuid = {484A02DF-41BD-4FD3-AAFF-CFBDBCBB50C0}
	EndGlobalSection
EndGlobal
