
Microsoft Visual Studio Solution File, Format Version 12.00
# Visual Studio 15
VisualStudioVersion = 15.0.28010.2050
MinimumVisualStudioVersion = 10.0.40219.1
Project("{FAE04EC0-301F-11D3-BF4B-00C04F79EFBC}") = "angular", "angular\angular.csproj", "{AAF348FF-395A-41F8-8B13-5C221B742DC3}"
EndProject
Global
	GlobalSection(SolutionConfigurationPlatforms) = preSolution
		Debug|Any CPU = Debug|Any CPU
		Release|Any CPU = Release|Any CPU
	EndGlobalSection
	GlobalSection(ProjectConfigurationPlatforms) = postSolution
		{AAF348FF-395A-41F8-8B13-5C221B742DC3}.Debug|Any CPU.ActiveCfg = Debug|Any CPU
		{AAF348FF-395A-41F8-8B13-5C221B742DC3}.Debug|Any CPU.Build.0 = Debug|Any CPU
		{AAF348FF-395A-41F8-8B13-5C221B742DC3}.Release|Any CPU.ActiveCfg = Release|Any CPU
		{AAF348FF-395A-41F8-8B13-5C221B742DC3}.Release|Any CPU.Build.0 = Release|Any CPU
	EndGlobalSection
	GlobalSection(SolutionProperties) = preSolution
		HideSolutionNode = FALSE
	EndGlobalSection
	GlobalSection(ExtensibilityGlobals) = postSolution
		SolutionGuid = {DE24C116-8F62-49C0-A780-5C69BFC68513}
	EndGlobalSection
EndGlobal
